<?xml version="1.0" encoding="utf-8"?>
<Project ToolsVersion="4.0" xmlns="http://schemas.microsoft.com/developer/msbuild/2003">
  <ItemGroup>
    <ClCompile Include="network\HostAddress.cpp">
      <Filter>network</Filter>
    </ClCompile>
    <ClCompile Include="network\TcpServer.cpp">
      <Filter>network</Filter>
    </ClCompile>
    <ClCompile Include="network\AbstractSocket.cpp">
      <Filter>network</Filter>
    </ClCompile>
    <ClCompile Include="network\WebSocket.cpp">
      <Filter>network</Filter>
    </ClCompile>
    <ClCompile Include="network\TcpSocket.cpp">
      <Filter>network</Filter>
    </ClCompile>
    <ClCompile Include="util\util.cpp">
      <Filter>util</Filter>
    </ClCompile>
    <ClCompile Include="core\Server.cpp">
      <Filter>core</Filter>
    </ClCompile>
    <ClCompile Include="core\User.cpp">
      <Filter>core</Filter>
    </ClCompile>
    <ClCompile Include="core\Room.cpp">
      <Filter>core</Filter>
    </ClCompile>
    <ClCompile Include="util\Json.cpp">
      <Filter>util</Filter>
    </ClCompile>
    <ClCompile Include="core\Packet.cpp">
      <Filter>core</Filter>
    </ClCompile>
    <ClCompile Include="util\Semaphore.cpp">
      <Filter>util</Filter>
    </ClCompile>
    <ClCompile Include="core\UserAction.cpp">
      <Filter>core</Filter>
    </ClCompile>
    <ClCompile Include="core\GameLoader.cpp">
      <Filter>core</Filter>
    </ClCompile>
    <ClCompile Include="core\GameDriver.cpp">
      <Filter>core</Filter>
    </ClCompile>
  </ItemGroup>
  <ItemGroup>
    <ClInclude Include="network\HostAddress.h">
      <Filter>network</Filter>
    </ClInclude>
    <ClInclude Include="network\TcpServer.h">
      <Filter>network</Filter>
    </ClInclude>
    <ClInclude Include="network\AbstractSocket.h">
      <Filter>network</Filter>
    </ClInclude>
    <ClInclude Include="network\WebSocket.h">
      <Filter>network</Filter>
    </ClInclude>
    <ClInclude Include="network\TcpSocket.h">
      <Filter>network</Filter>
    </ClInclude>
    <ClInclude Include="util\util.h">
      <Filter>util</Filter>
    </ClInclude>
    <ClInclude Include="core\protocol.h">
      <Filter>core</Filter>
    </ClInclude>
    <ClInclude Include="core\Server.h">
      <Filter>core</Filter>
    </ClInclude>
    <ClInclude Include="core\User.h">
      <Filter>core</Filter>
    </ClInclude>
    <ClInclude Include="core\Room.h">
      <Filter>core</Filter>
    </ClInclude>
    <ClInclude Include="util\Json.h">
      <Filter>util</Filter>
    </ClInclude>
    <ClInclude Include="core\Packet.h">
      <Filter>core</Filter>
    </ClInclude>
    <ClInclude Include="util\Semaphore.h">
      <Filter>util</Filter>
    </ClInclude>
    <ClInclude Include="core\UserAction.h">
      <Filter>core</Filter>
    </ClInclude>
    <ClInclude Include="core\GameLoader.h">
      <Filter>core</Filter>
    </ClInclude>
    <ClInclude Include="core\GameDriver.h">
      <Filter>core</Filter>
    </ClInclude>
    <ClInclude Include="core\global.h">
      <Filter>core</Filter>
    </ClInclude>
  </ItemGroup>
  <ItemGroup>
    <Filter Include="network">
      <UniqueIdentifier>{55680671-921a-4081-820d-72447522180f}</UniqueIdentifier>
    </Filter>
    <Filter Include="util">
      <UniqueIdentifier>{268014b3-ebb9-487a-859d-6958d9182f8e}</UniqueIdentifier>
    </Filter>
    <Filter Include="core">
      <UniqueIdentifier>{c3f37835-d7de-4255-b5a2-c7c6de29c10c}</UniqueIdentifier>
    </Filter>
  </ItemGroup>
</Project>